# Code generated by scarb DO NOT EDIT.
version = 1

[[package]]
name = "dojo"
version = "0.4.2"
source = "git+https://github.com/dojoengine/dojo#bc42b8eb1220f397420feba9f6315b854289733b"
dependencies = [
 "dojo_plugin",
]

[[package]]
name = "dojo_plugin"
version = "0.3.11"
source = "git+https://github.com/dojoengine/dojo?tag=v0.3.11#1e651b5d4d3b79b14a7d8aa29a92062fcb9e6659"

[[package]]
name = "project"
version = "0.1.0"
dependencies = [
 "dojo",
]
